
Microsoft Visual Studio Solution File, Format Version 12.00
# Visual Studio Version 16
VisualStudioVersion = 16.0.32002.261
MinimumVisualStudioVersion = 10.0.40219.1
Project("{FAE04EC0-301F-11D3-BF4B-00C04F79EFBC}") = "ConsoleApp15", "ConsoleApp15\ConsoleApp15.csproj", "{B6E94622-BE5E-4C38-917C-887B45F59644}"
EndProject
Global
	GlobalSection(SolutionConfigurationPlatforms) = preSolution
		Debug|Any CPU = Debug|Any CPU
		Release|Any CPU = Release|Any CPU
	EndGlobalSection
	GlobalSection(ProjectConfigurationPlatforms) = postSolution
		{B6E94622-BE5E-4C38-917C-887B45F59644}.Debug|Any CPU.ActiveCfg = Debug|Any CPU
		{B6E94622-BE5E-4C38-917C-887B45F59644}.Debug|Any CPU.Build.0 = Debug|Any CPU
		{B6E94622-BE5E-4C38-917C-887B45F59644}.Release|Any CPU.ActiveCfg = Release|Any CPU
		{B6E94622-BE5E-4C38-917C-887B45F59644}.Release|Any CPU.Build.0 = Release|Any CPU
	EndGlobalSection
	GlobalSection(SolutionProperties) = preSolution
		HideSolutionNode = FALSE
	EndGlobalSection
	GlobalSection(ExtensibilityGlobals) = postSolution
		SolutionGuid = {B8D58EE8-BA05-4BF8-BA93-B3978AAAA450}
	EndGlobalSection
EndGlobal
